
Microsoft Visual Studio Solution File, Format Version 12.00
# Visual Studio Version 16
VisualStudioVersion = 16.0.29920.165
MinimumVisualStudioVersion = 10.0.40219.1
Project("{2150E333-8FDC-42A3-9474-1A3956D46DE8}") = "DataModel", "DataModel", "{320A0B4E-82A6-4492-9335-E1A238D895B9}"
EndProject
Project("{2150E333-8FDC-42A3-9474-1A3956D46DE8}") = "DllFiles", "DllFiles", "{24B34156-479D-4B65-B0CE-BFF4BA15A991}"
EndProject
Project("{2150E333-8FDC-42A3-9474-1A3956D46DE8}") = "Web", "Web", "{45566545-A236-47C4-BACC-22CA5C1AA36B}"
EndProject
Project("{2150E333-8FDC-42A3-9474-1A3956D46DE8}") = "茶叶管理系统", "茶叶管理系统", "{4DCD1A29-AFEF-4FE3-9256-2626E537F382}"
EndProject
Project("{FAE04EC0-301F-11D3-BF4B-00C04F79EFBC}") = "TeaNoSystem", "TeaNoSystem\TeaNoSystem.csproj", "{8C9DF739-9182-4FF9-AB68-53C432EB67ED}"
EndProject
Project("{2150E333-8FDC-42A3-9474-1A3956D46DE8}") = "公共工具", "公共工具", "{E55BB7CA-FC3D-4A02-AEA0-DCD47D4A64EF}"
EndProject
Project("{FAE04EC0-301F-11D3-BF4B-00C04F79EFBC}") = "CommonDllFile", "CommonDllFile\CommonDllFile.csproj", "{3F67DFEB-7640-44FF-AD3E-91449B4FBDCB}"
EndProject
Project("{FAE04EC0-301F-11D3-BF4B-00C04F79EFBC}") = "Common_Module", "Common_Module\Common_Module.csproj", "{06084F86-E9CC-49B1-A30C-06C7562D2255}"
EndProject
Project("{FAE04EC0-301F-11D3-BF4B-00C04F79EFBC}") = "DataBase_Module", "DataBase_Module\DataBase_Module.csproj", "{391CD01B-A390-4B1F-8B23-DE955825D227}"
EndProject
Project("{2150E333-8FDC-42A3-9474-1A3956D46DE8}") = "茶叶后台基础数据", "茶叶后台基础数据", "{F5E66094-0166-4AA0-BF5F-AA0C36E21A4F}"
EndProject
Global
	GlobalSection(SolutionConfigurationPlatforms) = preSolution
		Debug|Any CPU = Debug|Any CPU
		Debug|ARM = Debug|ARM
		Debug|ARM64 = Debug|ARM64
		Debug|x64 = Debug|x64
		Debug|x86 = Debug|x86
		Release|Any CPU = Release|Any CPU
		Release|ARM = Release|ARM
		Release|ARM64 = Release|ARM64
		Release|x64 = Release|x64
		Release|x86 = Release|x86
	EndGlobalSection
	GlobalSection(ProjectConfigurationPlatforms) = postSolution
		{8C9DF739-9182-4FF9-AB68-53C432EB67ED}.Debug|Any CPU.ActiveCfg = Debug|Any CPU
		{8C9DF739-9182-4FF9-AB68-53C432EB67ED}.Debug|Any CPU.Build.0 = Debug|Any CPU
		{8C9DF739-9182-4FF9-AB68-53C432EB67ED}.Debug|ARM.ActiveCfg = Debug|Any CPU
		{8C9DF739-9182-4FF9-AB68-53C432EB67ED}.Debug|ARM.Build.0 = Debug|Any CPU
		{8C9DF739-9182-4FF9-AB68-53C432EB67ED}.Debug|ARM64.ActiveCfg = Debug|Any CPU
		{8C9DF739-9182-4FF9-AB68-53C432EB67ED}.Debug|ARM64.Build.0 = Debug|Any CPU
		{8C9DF739-9182-4FF9-AB68-53C432EB67ED}.Debug|x64.ActiveCfg = Debug|Any CPU
		{8C9DF739-9182-4FF9-AB68-53C432EB67ED}.Debug|x64.Build.0 = Debug|Any CPU
		{8C9DF739-9182-4FF9-AB68-53C432EB67ED}.Debug|x86.ActiveCfg = Debug|Any CPU
		{8C9DF739-9182-4FF9-AB68-53C432EB67ED}.Debug|x86.Build.0 = Debug|Any CPU
		{8C9DF739-9182-4FF9-AB68-53C432EB67ED}.Release|Any CPU.ActiveCfg = Release|Any CPU
		{8C9DF739-9182-4FF9-AB68-53C432EB67ED}.Release|Any CPU.Build.0 = Release|Any CPU
		{8C9DF739-9182-4FF9-AB68-53C432EB67ED}.Release|ARM.ActiveCfg = Release|Any CPU
		{8C9DF739-9182-4FF9-AB68-53C432EB67ED}.Release|ARM.Build.0 = Release|Any CPU
		{8C9DF739-9182-4FF9-AB68-53C432EB67ED}.Release|ARM64.ActiveCfg = Release|Any CPU
		{8C9DF739-9182-4FF9-AB68-53C432EB67ED}.Release|ARM64.Build.0 = Release|Any CPU
		{8C9DF739-9182-4FF9-AB68-53C432EB67ED}.Release|x64.ActiveCfg = Release|Any CPU
		{8C9DF739-9182-4FF9-AB68-53C432EB67ED}.Release|x64.Build.0 = Release|Any CPU
		{8C9DF739-9182-4FF9-AB68-53C432EB67ED}.Release|x86.ActiveCfg = Release|Any CPU
		{8C9DF739-9182-4FF9-AB68-53C432EB67ED}.Release|x86.Build.0 = Release|Any CPU
		{3F67DFEB-7640-44FF-AD3E-91449B4FBDCB}.Debug|Any CPU.ActiveCfg = Debug|Any CPU
		{3F67DFEB-7640-44FF-AD3E-91449B4FBDCB}.Debug|Any CPU.Build.0 = Debug|Any CPU
		{3F67DFEB-7640-44FF-AD3E-91449B4FBDCB}.Debug|ARM.ActiveCfg = Debug|Any CPU
		{3F67DFEB-7640-44FF-AD3E-91449B4FBDCB}.Debug|ARM.Build.0 = Debug|Any CPU
		{3F67DFEB-7640-44FF-AD3E-91449B4FBDCB}.Debug|ARM64.ActiveCfg = Debug|Any CPU
		{3F67DFEB-7640-44FF-AD3E-91449B4FBDCB}.Debug|ARM64.Build.0 = Debug|Any CPU
		{3F67DFEB-7640-44FF-AD3E-91449B4FBDCB}.Debug|x64.ActiveCfg = Debug|Any CPU
		{3F67DFEB-7640-44FF-AD3E-91449B4FBDCB}.Debug|x64.Build.0 = Debug|Any CPU
		{3F67DFEB-7640-44FF-AD3E-91449B4FBDCB}.Debug|x86.ActiveCfg = Debug|Any CPU
		{3F67DFEB-7640-44FF-AD3E-91449B4FBDCB}.Debug|x86.Build.0 = Debug|Any CPU
		{3F67DFEB-7640-44FF-AD3E-91449B4FBDCB}.Release|Any CPU.ActiveCfg = Release|Any CPU
		{3F67DFEB-7640-44FF-AD3E-91449B4FBDCB}.Release|Any CPU.Build.0 = Release|Any CPU
		{3F67DFEB-7640-44FF-AD3E-91449B4FBDCB}.Release|ARM.ActiveCfg = Release|Any CPU
		{3F67DFEB-7640-44FF-AD3E-91449B4FBDCB}.Release|ARM.Build.0 = Release|Any CPU
		{3F67DFEB-7640-44FF-AD3E-91449B4FBDCB}.Release|ARM64.ActiveCfg = Release|Any CPU
		{3F67DFEB-7640-44FF-AD3E-91449B4FBDCB}.Release|ARM64.Build.0 = Release|Any CPU
		{3F67DFEB-7640-44FF-AD3E-91449B4FBDCB}.Release|x64.ActiveCfg = Release|Any CPU
		{3F67DFEB-7640-44FF-AD3E-91449B4FBDCB}.Release|x64.Build.0 = Release|Any CPU
		{3F67DFEB-7640-44FF-AD3E-91449B4FBDCB}.Release|x86.ActiveCfg = Release|Any CPU
		{3F67DFEB-7640-44FF-AD3E-91449B4FBDCB}.Release|x86.Build.0 = Release|Any CPU
		{06084F86-E9CC-49B1-A30C-06C7562D2255}.Debug|Any CPU.ActiveCfg = Debug|Any CPU
		{06084F86-E9CC-49B1-A30C-06C7562D2255}.Debug|Any CPU.Build.0 = Debug|Any CPU
		{06084F86-E9CC-49B1-A30C-06C7562D2255}.Debug|ARM.ActiveCfg = Debug|Any CPU
		{06084F86-E9CC-49B1-A30C-06C7562D2255}.Debug|ARM.Build.0 = Debug|Any CPU
		{06084F86-E9CC-49B1-A30C-06C7562D2255}.Debug|ARM64.ActiveCfg = Debug|Any CPU
		{06084F86-E9CC-49B1-A30C-06C7562D2255}.Debug|ARM64.Build.0 = Debug|Any CPU
		{06084F86-E9CC-49B1-A30C-06C7562D2255}.Debug|x64.ActiveCfg = Debug|Any CPU
		{06084F86-E9CC-49B1-A30C-06C7562D2255}.Debug|x64.Build.0 = Debug|Any CPU
		{06084F86-E9CC-49B1-A30C-06C7562D2255}.Debug|x86.ActiveCfg = Debug|Any CPU
		{06084F86-E9CC-49B1-A30C-06C7562D2255}.Debug|x86.Build.0 = Debug|Any CPU
		{06084F86-E9CC-49B1-A30C-06C7562D2255}.Release|Any CPU.ActiveCfg = Release|Any CPU
		{06084F86-E9CC-49B1-A30C-06C7562D2255}.Release|Any CPU.Build.0 = Release|Any CPU
		{06084F86-E9CC-49B1-A30C-06C7562D2255}.Release|ARM.ActiveCfg = Release|Any CPU
		{06084F86-E9CC-49B1-A30C-06C7562D2255}.Release|ARM.Build.0 = Release|Any CPU
		{06084F86-E9CC-49B1-A30C-06C7562D2255}.Release|ARM64.ActiveCfg = Release|Any CPU
		{06084F86-E9CC-49B1-A30C-06C7562D2255}.Release|ARM64.Build.0 = Release|Any CPU
		{06084F86-E9CC-49B1-A30C-06C7562D2255}.Release|x64.ActiveCfg = Release|Any CPU
		{06084F86-E9CC-49B1-A30C-06C7562D2255}.Release|x64.Build.0 = Release|Any CPU
		{06084F86-E9CC-49B1-A30C-06C7562D2255}.Release|x86.ActiveCfg = Release|Any CPU
		{06084F86-E9CC-49B1-A30C-06C7562D2255}.Release|x86.Build.0 = Release|Any CPU
		{391CD01B-A390-4B1F-8B23-DE955825D227}.Debug|Any CPU.ActiveCfg = Debug|Any CPU
		{391CD01B-A390-4B1F-8B23-DE955825D227}.Debug|Any CPU.Build.0 = Debug|Any CPU
		{391CD01B-A390-4B1F-8B23-DE955825D227}.Debug|ARM.ActiveCfg = Debug|Any CPU
		{391CD01B-A390-4B1F-8B23-DE955825D227}.Debug|ARM.Build.0 = Debug|Any CPU
		{391CD01B-A390-4B1F-8B23-DE955825D227}.Debug|ARM64.ActiveCfg = Debug|Any CPU
		{391CD01B-A390-4B1F-8B23-DE955825D227}.Debug|ARM64.Build.0 = Debug|Any CPU
		{391CD01B-A390-4B1F-8B23-DE955825D227}.Debug|x64.ActiveCfg = Debug|Any CPU
		{391CD01B-A390-4B1F-8B23-DE955825D227}.Debug|x64.Build.0 = Debug|Any CPU
		{391CD01B-A390-4B1F-8B23-DE955825D227}.Debug|x86.ActiveCfg = Debug|Any CPU
		{391CD01B-A390-4B1F-8B23-DE955825D227}.Debug|x86.Build.0 = Debug|Any CPU
		{391CD01B-A390-4B1F-8B23-DE955825D227}.Release|Any CPU.ActiveCfg = Release|Any CPU
		{391CD01B-A390-4B1F-8B23-DE955825D227}.Release|Any CPU.Build.0 = Release|Any CPU
		{391CD01B-A390-4B1F-8B23-DE955825D227}.Release|ARM.ActiveCfg = Release|Any CPU
		{391CD01B-A390-4B1F-8B23-DE955825D227}.Release|ARM.Build.0 = Release|Any CPU
		{391CD01B-A390-4B1F-8B23-DE955825D227}.Release|ARM64.ActiveCfg = Release|Any CPU
		{391CD01B-A390-4B1F-8B23-DE955825D227}.Release|ARM64.Build.0 = Release|Any CPU
		{391CD01B-A390-4B1F-8B23-DE955825D227}.Release|x64.ActiveCfg = Release|Any CPU
		{391CD01B-A390-4B1F-8B23-DE955825D227}.Release|x64.Build.0 = Release|Any CPU
		{391CD01B-A390-4B1F-8B23-DE955825D227}.Release|x86.ActiveCfg = Release|Any CPU
		{391CD01B-A390-4B1F-8B23-DE955825D227}.Release|x86.Build.0 = Release|Any CPU
	EndGlobalSection
	GlobalSection(SolutionProperties) = preSolution
		HideSolutionNode = FALSE
	EndGlobalSection
	GlobalSection(NestedProjects) = preSolution
		{4DCD1A29-AFEF-4FE3-9256-2626E537F382} = {45566545-A236-47C4-BACC-22CA5C1AA36B}
		{8C9DF739-9182-4FF9-AB68-53C432EB67ED} = {4DCD1A29-AFEF-4FE3-9256-2626E537F382}
		{E55BB7CA-FC3D-4A02-AEA0-DCD47D4A64EF} = {320A0B4E-82A6-4492-9335-E1A238D895B9}
		{3F67DFEB-7640-44FF-AD3E-91449B4FBDCB} = {24B34156-479D-4B65-B0CE-BFF4BA15A991}
		{06084F86-E9CC-49B1-A30C-06C7562D2255} = {E55BB7CA-FC3D-4A02-AEA0-DCD47D4A64EF}
		{391CD01B-A390-4B1F-8B23-DE955825D227} = {E55BB7CA-FC3D-4A02-AEA0-DCD47D4A64EF}
		{F5E66094-0166-4AA0-BF5F-AA0C36E21A4F} = {320A0B4E-82A6-4492-9335-E1A238D895B9}
	EndGlobalSection
	GlobalSection(ExtensibilityGlobals) = postSolution
		SolutionGuid = {5042C495-4799-4F81-B99F-32EEA392F922}
	EndGlobalSection
EndGlobal
